// !$*UTF8*$!
{
	archiveVersion = 1;
	classes = {
	};
	objectVersion = 46;
	objects = {

/* Begin PBXBuildFile section */
		4A038CBF1BFB908300CA7921 /* LGPlusButtonsViewShared.m in Sources */ = {isa = PBXBuildFile; fileRef = 4A038CBE1BFB908300CA7921 /* LGPlusButtonsViewShared.m */; };
		4A1F8E611BEE098100D0B57E /* LaunchScreen.storyboard in Resources */ = {isa = PBXBuildFile; fileRef = 4A1F8E601BEE098100D0B57E /* LaunchScreen.storyboard */; };
		4A21D59D1BF731560023AE9E /* LGPlusButtonDescription.m in Sources */ = {isa = PBXBuildFile; fileRef = 4A21D59C1BF731560023AE9E /* LGPlusButtonDescription.m */; };
		4AF13A1F1BF3AD270037B073 /* LGPlusButton.m in Sources */ = {isa = PBXBuildFile; fileRef = 4AF13A1C1BF3AD270037B073 /* LGPlusButton.m */; };
		4AF13A201BF3AD270037B073 /* LGPlusButtonsView.m in Sources */ = {isa = PBXBuildFile; fileRef = 4AF13A1E1BF3AD270037B073 /* LGPlusButtonsView.m */; };
		847A899A1A9F298B004A8413 /* NavigationController.m in Sources */ = {isa = PBXBuildFile; fileRef = 847A89971A9F298B004A8413 /* NavigationController.m */; };
		847A899E1A9F2C32004A8413 /* PlusScrollViewController.m in Sources */ = {isa = PBXBuildFile; fileRef = 847A899D1A9F2C32004A8413 /* PlusScrollViewController.m */; };
		84C5B7CD1A9F22C800EEEB24 /* main.m in Sources */ = {isa = PBXBuildFile; fileRef = 84C5B7CC1A9F22C800EEEB24 /* main.m */; };
		84C5B7D01A9F22C800EEEB24 /* AppDelegate.m in Sources */ = {isa = PBXBuildFile; fileRef = 84C5B7CF1A9F22C800EEEB24 /* AppDelegate.m */; };
		84C5B7D81A9F22C800EEEB24 /* Images.xcassets in Resources */ = {isa = PBXBuildFile; fileRef = 84C5B7D71A9F22C800EEEB24 /* Images.xcassets */; };
/* End PBXBuildFile section */

/* Begin PBXFileReference section */
		4A038CBD1BFB908300CA7921 /* LGPlusButtonsViewShared.h */ = {isa = PBXFileReference; fileEncoding = 4; lastKnownFileType = sourcecode.c.h; path = LGPlusButtonsViewShared.h; sourceTree = "<group>"; };
		4A038CBE1BFB908300CA7921 /* LGPlusButtonsViewShared.m */ = {isa = PBXFileReference; fileEncoding = 4; lastKnownFileType = sourcecode.c.objc; path = LGPlusButtonsViewShared.m; sourceTree = "<group>"; };
		4A1F8E601BEE098100D0B57E /* LaunchScreen.storyboard */ = {isa = PBXFileReference; fileEncoding = 4; lastKnownFileType = file.storyboard; path = LaunchScreen.storyboard; sourceTree = "<group>"; };
		4A21D59B1BF731560023AE9E /* LGPlusButtonDescription.h */ = {isa = PBXFileReference; fileEncoding = 4; lastKnownFileType = sourcecode.c.h; path = LGPlusButtonDescription.h; sourceTree = "<group>"; };
		4A21D59C1BF731560023AE9E /* LGPlusButtonDescription.m */ = {isa = PBXFileReference; fileEncoding = 4; lastKnownFileType = sourcecode.c.objc; path = LGPlusButtonDescription.m; sourceTree = "<group>"; };
		4AF13A1B1BF3AD270037B073 /* LGPlusButton.h */ = {isa = PBXFileReference; fileEncoding = 4; lastKnownFileType = sourcecode.c.h; path = LGPlusButton.h; sourceTree = "<group>"; };
		4AF13A1C1BF3AD270037B073 /* LGPlusButton.m */ = {isa = PBXFileReference; fileEncoding = 4; lastKnownFileType = sourcecode.c.objc; path = LGPlusButton.m; sourceTree = "<group>"; };
		4AF13A1D1BF3AD270037B073 /* LGPlusButtonsView.h */ = {isa = PBXFileReference; fileEncoding = 4; lastKnownFileType = sourcecode.c.h; path = LGPlusButtonsView.h; sourceTree = "<group>"; };
		4AF13A1E1BF3AD270037B073 /* LGPlusButtonsView.m */ = {isa = PBXFileReference; fileEncoding = 4; lastKnownFileType = sourcecode.c.objc; path = LGPlusButtonsView.m; sourceTree = "<group>"; };
		847A89961A9F298B004A8413 /* NavigationController.h */ = {isa = PBXFileReference; fileEncoding = 4; lastKnownFileType = sourcecode.c.h; path = NavigationController.h; sourceTree = "<group>"; };
		847A89971A9F298B004A8413 /* NavigationController.m */ = {isa = PBXFileReference; fileEncoding = 4; lastKnownFileType = sourcecode.c.objc; path = NavigationController.m; sourceTree = "<group>"; };
		847A899C1A9F2C32004A8413 /* PlusScrollViewController.h */ = {isa = PBXFileReference; fileEncoding = 4; lastKnownFileType = sourcecode.c.h; path = PlusScrollViewController.h; sourceTree = "<group>"; };
		847A899D1A9F2C32004A8413 /* PlusScrollViewController.m */ = {isa = PBXFileReference; fileEncoding = 4; lastKnownFileType = sourcecode.c.objc; path = PlusScrollViewController.m; sourceTree = "<group>"; };
		84C5B7C71A9F22C800EEEB24 /* LGPlusButtonsViewDemo.app */ = {isa = PBXFileReference; explicitFileType = wrapper.application; includeInIndex = 0; path = LGPlusButtonsViewDemo.app; sourceTree = BUILT_PRODUCTS_DIR; };
		84C5B7CB1A9F22C800EEEB24 /* Info.plist */ = {isa = PBXFileReference; lastKnownFileType = text.plist.xml; path = Info.plist; sourceTree = "<group>"; };
		84C5B7CC1A9F22C800EEEB24 /* main.m */ = {isa = PBXFileReference; lastKnownFileType = sourcecode.c.objc; path = main.m; sourceTree = "<group>"; };
		84C5B7CE1A9F22C800EEEB24 /* AppDelegate.h */ = {isa = PBXFileReference; lastKnownFileType = sourcecode.c.h; path = AppDelegate.h; sourceTree = "<group>"; };
		84C5B7CF1A9F22C800EEEB24 /* AppDelegate.m */ = {isa = PBXFileReference; lastKnownFileType = sourcecode.c.objc; path = AppDelegate.m; sourceTree = "<group>"; };
		84C5B7D71A9F22C800EEEB24 /* Images.xcassets */ = {isa = PBXFileReference; lastKnownFileType = folder.assetcatalog; path = Images.xcassets; sourceTree = "<group>"; };
/* End PBXFileReference section */

/* Begin PBXFrameworksBuildPhase section */
		84C5B7C41A9F22C800EEEB24 /* Frameworks */ = {
			isa = PBXFrameworksBuildPhase;
			buildActionMask = 2147483647;
			files = (
			);
			runOnlyForDeploymentPostprocessing = 0;
		};
/* End PBXFrameworksBuildPhase section */

/* Begin PBXGroup section */
		4AF13A1A1BF3AD270037B073 /* LGPlusButtonsView */ = {
			isa = PBXGroup;
			children = (
				4AF13A1D1BF3AD270037B073 /* LGPlusButtonsView.h */,
				4AF13A1E1BF3AD270037B073 /* LGPlusButtonsView.m */,
				4AF13A1B1BF3AD270037B073 /* LGPlusButton.h */,
				4AF13A1C1BF3AD270037B073 /* LGPlusButton.m */,
				4A21D59B1BF731560023AE9E /* LGPlusButtonDescription.h */,
				4A21D59C1BF731560023AE9E /* LGPlusButtonDescription.m */,
				4A038CBD1BFB908300CA7921 /* LGPlusButtonsViewShared.h */,
				4A038CBE1BFB908300CA7921 /* LGPlusButtonsViewShared.m */,
			);
			name = LGPlusButtonsView;
			path = ../LGPlusButtonsView;
			sourceTree = "<group>";
		};
		6DC0BC0EF35C3CCDCDDDD0F1 /* Frameworks */ = {
			isa = PBXGroup;
			children = (
			);
			name = Frameworks;
			sourceTree = "<group>";
		};
		84C5B7BE1A9F22C800EEEB24 = {
			isa = PBXGroup;
			children = (
				4AF13A1A1BF3AD270037B073 /* LGPlusButtonsView */,
				84C5B7C91A9F22C800EEEB24 /* LGPlusButtonsViewDemo */,
				84C5B7C81A9F22C800EEEB24 /* Products */,
				6DC0BC0EF35C3CCDCDDDD0F1 /* Frameworks */,
			);
			sourceTree = "<group>";
		};
		84C5B7C81A9F22C800EEEB24 /* Products */ = {
			isa = PBXGroup;
			children = (
				84C5B7C71A9F22C800EEEB24 /* LGPlusButtonsViewDemo.app */,
			);
			name = Products;
			sourceTree = "<group>";
		};
		84C5B7C91A9F22C800EEEB24 /* LGPlusButtonsViewDemo */ = {
			isa = PBXGroup;
			children = (
				84C5B7CE1A9F22C800EEEB24 /* AppDelegate.h */,
				84C5B7CF1A9F22C800EEEB24 /* AppDelegate.m */,
				847A89961A9F298B004A8413 /* NavigationController.h */,
				847A89971A9F298B004A8413 /* NavigationController.m */,
				847A899C1A9F2C32004A8413 /* PlusScrollViewController.h */,
				847A899D1A9F2C32004A8413 /* PlusScrollViewController.m */,
				84C5B7D71A9F22C800EEEB24 /* Images.xcassets */,
				84C5B7CA1A9F22C800EEEB24 /* Supporting Files */,
				4A1F8E601BEE098100D0B57E /* LaunchScreen.storyboard */,
			);
			path = LGPlusButtonsViewDemo;
			sourceTree = "<group>";
		};
		84C5B7CA1A9F22C800EEEB24 /* Supporting Files */ = {
			isa = PBXGroup;
			children = (
				84C5B7CB1A9F22C800EEEB24 /* Info.plist */,
				84C5B7CC1A9F22C800EEEB24 /* main.m */,
			);
			name = "Supporting Files";
			sourceTree = "<group>";
		};
/* End PBXGroup section */

/* Begin PBXNativeTarget section */
		84C5B7C61A9F22C800EEEB24 /* LGPlusButtonsViewDemo */ = {
			isa = PBXNativeTarget;
			buildConfigurationList = 84C5B7EA1A9F22C800EEEB24 /* Build configuration list for PBXNativeTarget "LGPlusButtonsViewDemo" */;
			buildPhases = (
				84C5B7C31A9F22C800EEEB24 /* Sources */,
				84C5B7C41A9F22C800EEEB24 /* Frameworks */,
				84C5B7C51A9F22C800EEEB24 /* Resources */,
			);
			buildRules = (
			);
			dependencies = (
			);
			name = LGPlusButtonsViewDemo;
			productName = LGPlusButtonsViewDemo;
			productReference = 84C5B7C71A9F22C800EEEB24 /* LGPlusButtonsViewDemo.app */;
			productType = "com.apple.product-type.application";
		};
/* End PBXNativeTarget section */

/* Begin PBXProject section */
		84C5B7BF1A9F22C800EEEB24 /* Project object */ = {
			isa = PBXProject;
			attributes = {
				LastUpgradeCheck = 0700;
				ORGANIZATIONNAME = "Grigory Lutkov";
				TargetAttributes = {
					84C5B7C61A9F22C800EEEB24 = {
						CreatedOnToolsVersion = 6.1.1;
					};
				};
			};
			buildConfigurationList = 84C5B7C21A9F22C800EEEB24 /* Build configuration list for PBXProject "LGPlusButtonsViewDemo" */;
			compatibilityVersion = "Xcode 3.2";
			developmentRegion = English;
			hasScannedForEncodings = 0;
			knownRegions = (
				en,
				Base,
			);
			mainGroup = 84C5B7BE1A9F22C800EEEB24;
			productRefGroup = 84C5B7C81A9F22C800EEEB24 /* Products */;
			projectDirPath = "";
			projectRoot = "";
			targets = (
				84C5B7C61A9F22C800EEEB24 /* LGPlusButtonsViewDemo */,
			);
		};
/* End PBXProject section */

/* Begin PBXResourcesBuildPhase section */
		84C5B7C51A9F22C800EEEB24 /* Resources */ = {
			isa = PBXResourcesBuildPhase;
			buildActionMask = 2147483647;
			files = (
				84C5B7D81A9F22C800EEEB24 /* Images.xcassets in Resources */,
				4A1F8E611BEE098100D0B57E /* LaunchScreen.storyboard in Resources */,
			);
			runOnlyForDeploymentPostprocessing = 0;
		};
/* End PBXResourcesBuildPhase section */

/* Begin PBXSourcesBuildPhase section */
		84C5B7C31A9F22C800EEEB24 /* Sources */ = {
			isa = PBXSourcesBuildPhase;
			buildActionMask = 2147483647;
			files = (
				4AF13A1F1BF3AD270037B073 /* LGPlusButton.m in Sources */,
				4A21D59D1BF731560023AE9E /* LGPlusButtonDescription.m in Sources */,
				847A899E1A9F2C32004A8413 /* PlusScrollViewController.m in Sources */,
				847A899A1A9F298B004A8413 /* NavigationController.m in Sources */,
				84C5B7D01A9F22C800EEEB24 /* AppDelegate.m in Sources */,
				4A038CBF1BFB908300CA7921 /* LGPlusButtonsViewShared.m in Sources */,
				84C5B7CD1A9F22C800EEEB24 /* main.m in Sources */,
				4AF13A201BF3AD270037B073 /* LGPlusButtonsView.m in Sources */,
			);
			runOnlyForDeploymentPostprocessing = 0;
		};
/* End PBXSourcesBuildPhase section */

/* Begin XCBuildConfiguration section */
		84C5B7E81A9F22C800EEEB24 /* Debug */ = {
			isa = XCBuildConfiguration;
			buildSettings = {
				ALWAYS_SEARCH_USER_PATHS = NO;
				CLANG_CXX_LANGUAGE_STANDARD = "gnu++0x";
				CLANG_CXX_LIBRARY = "libc++";
				CLANG_ENABLE_MODULES = YES;
				CLANG_ENABLE_OBJC_ARC = YES;
				CLANG_WARN_BOOL_CONVERSION = YES;
				CLANG_WARN_CONSTANT_CONVERSION = YES;
				CLANG_WARN_DIRECT_OBJC_ISA_USAGE = YES_ERROR;
				CLANG_WARN_EMPTY_BODY = YES;
				CLANG_WARN_ENUM_CONVERSION = YES;
				CLANG_WARN_INT_CONVERSION = YES;
				CLANG_WARN_OBJC_ROOT_CLASS = YES_ERROR;
				CLANG_WARN_UNREACHABLE_CODE = YES;
				CLANG_WARN__DUPLICATE_METHOD_MATCH = YES;
				"CODE_SIGN_IDENTITY[sdk=iphoneos*]" = "iPhone Developer";
				COPY_PHASE_STRIP = NO;
				ENABLE_STRICT_OBJC_MSGSEND = YES;
				ENABLE_TESTABILITY = YES;
				GCC_C_LANGUAGE_STANDARD = gnu99;
				GCC_DYNAMIC_NO_PIC = NO;
				GCC_OPTIMIZATION_LEVEL = 0;
				GCC_PREPROCESSOR_DEFINITIONS = (
					"DEBUG=1",
					"$(inherited)",
				);
				GCC_SYMBOLS_PRIVATE_EXTERN = NO;
				GCC_WARN_64_TO_32_BIT_CONVERSION = YES;
				GCC_WARN_ABOUT_RETURN_TYPE = YES_ERROR;
				GCC_WARN_UNDECLARED_SELECTOR = YES;
				GCC_WARN_UNINITIALIZED_AUTOS = YES_AGGRESSIVE;
				GCC_WARN_UNUSED_FUNCTION = YES;
				GCC_WARN_UNUSED_VARIABLE = YES;
				IPHONEOS_DEPLOYMENT_TARGET = 6.0;
				MTL_ENABLE_DEBUG_INFO = YES;
				ONLY_ACTIVE_ARCH = YES;
				SDKROOT = iphoneos;
				TARGETED_DEVICE_FAMILY = "1,2";
			};
			name = Debug;
		};
		84C5B7E91A9F22C800EEEB24 /* Release */ = {
			isa = XCBuildConfiguration;
			buildSettings = {
				ALWAYS_SEARCH_USER_PATHS = NO;
				CLANG_CXX_LANGUAGE_STANDARD = "gnu++0x";
				CLANG_CXX_LIBRARY = "libc++";
				CLANG_ENABLE_MODULES = YES;
				CLANG_ENABLE_OBJC_ARC = YES;
				CLANG_WARN_BOOL_CONVERSION = YES;
				CLANG_WARN_CONSTANT_CONVERSION = YES;
				CLANG_WARN_DIRECT_OBJC_ISA_USAGE = YES_ERROR;
				CLANG_WARN_EMPTY_BODY = YES;
				CLANG_WARN_ENUM_CONVERSION = YES;
				CLANG_WARN_INT_CONVERSION = YES;
				CLANG_WARN_OBJC_ROOT_CLASS = YES_ERROR;
				CLANG_WARN_UNREACHABLE_CODE = YES;
				CLANG_WARN__DUPLICATE_METHOD_MATCH = YES;
				"CODE_SIGN_IDENTITY[sdk=iphoneos*]" = "iPhone Developer";
				COPY_PHASE_STRIP = YES;
				ENABLE_NS_ASSERTIONS = NO;
				ENABLE_STRICT_OBJC_MSGSEND = YES;
				GCC_C_LANGUAGE_STANDARD = gnu99;
				GCC_WARN_64_TO_32_BIT_CONVERSION = YES;
				GCC_WARN_ABOUT_RETURN_TYPE = YES_ERROR;
				GCC_WARN_UNDECLARED_SELECTOR = YES;
				GCC_WARN_UNINITIALIZED_AUTOS = YES_AGGRESSIVE;
				GCC_WARN_UNUSED_FUNCTION = YES;
				GCC_WARN_UNUSED_VARIABLE = YES;
				IPHONEOS_DEPLOYMENT_TARGET = 6.0;
				MTL_ENABLE_DEBUG_INFO = NO;
				SDKROOT = iphoneos;
				TARGETED_DEVICE_FAMILY = "1,2";
				VALIDATE_PRODUCT = YES;
			};
			name = Release;
		};
		84C5B7EB1A9F22C800EEEB24 /* Debug */ = {
			isa = XCBuildConfiguration;
			buildSettings = {
				ASSETCATALOG_COMPILER_APPICON_NAME = AppIcon;
				ASSETCATALOG_COMPILER_LAUNCHIMAGE_NAME = LaunchImage;
				CODE_SIGN_IDENTITY = "iPhone Developer";
				"CODE_SIGN_IDENTITY[sdk=iphoneos*]" = "iPhone Developer";
				HEADER_SEARCH_PATHS = "$(inherited)";
				INFOPLIST_FILE = LGPlusButtonsViewDemo/Info.plist;
				IPHONEOS_DEPLOYMENT_TARGET = 6.0;
				LD_RUNPATH_SEARCH_PATHS = "$(inherited) @executable_path/Frameworks";
				PRODUCT_BUNDLE_IDENTIFIER = com.test.LGPlusButtonsViewDemo;
				PRODUCT_NAME = "$(TARGET_NAME)";
				PROVISIONING_PROFILE = "";
			};
			name = Debug;
		};
		84C5B7EC1A9F22C800EEEB24 /* Release */ = {
			isa = XCBuildConfiguration;
			buildSettings = {
				ASSETCATALOG_COMPILER_APPICON_NAME = AppIcon;
				ASSETCATALOG_COMPILER_LAUNCHIMAGE_NAME = LaunchImage;
				CODE_SIGN_IDENTITY = "iPhone Developer";
				"CODE_SIGN_IDENTITY[sdk=iphoneos*]" = "iPhone Developer";
				HEADER_SEARCH_PATHS = "$(inherited)";
				INFOPLIST_FILE = LGPlusButtonsViewDemo/Info.plist;
				IPHONEOS_DEPLOYMENT_TARGET = 6.0;
				LD_RUNPATH_SEARCH_PATHS = "$(inherited) @executable_path/Frameworks";
				PRODUCT_BUNDLE_IDENTIFIER = com.test.LGPlusButtonsViewDemo;
				PRODUCT_NAME = "$(TARGET_NAME)";
				PROVISIONING_PROFILE = "";
			};
			name = Release;
		};
/* End XCBuildConfiguration section */

/* Begin XCConfigurationList section */
		84C5B7C21A9F22C800EEEB24 /* Build configuration list for PBXProject "LGPlusButtonsViewDemo" */ = {
			isa = XCConfigurationList;
			buildConfigurations = (
				84C5B7E81A9F22C800EEEB24 /* Debug */,
				84C5B7E91A9F22C800EEEB24 /* Release */,
			);
			defaultConfigurationIsVisible = 0;
			defaultConfigurationName = Release;
		};
		84C5B7EA1A9F22C800EEEB24 /* Build configuration list for PBXNativeTarget "LGPlusButtonsViewDemo" */ = {
			isa = XCConfigurationList;
			buildConfigurations = (
				84C5B7EB1A9F22C800EEEB24 /* Debug */,
				84C5B7EC1A9F22C800EEEB24 /* Release */,
			);
			defaultConfigurationIsVisible = 0;
			defaultConfigurationName = Release;
		};
/* End XCConfigurationList section */
	};
	rootObject = 84C5B7BF1A9F22C800EEEB24 /* Project object */;
}
