PODS:
  - LGDrawer (1.0.0)
  - LGPlusButtonsView (1.0.4)

DEPENDENCIES:
  - LGDrawer (~> 1.0.0)
  - LGPlusButtonsView (from `../`)

EXTERNAL SOURCES:
  LGPlusButtonsView:
    :path: ../

SPEC CHECKSUMS:
  LGDrawer: 14fa657d7e21842797a6187c44d5a913841d34a8
  LGPlusButtonsView: 7a913d5c6670ade0924073b68c482b2f013980c6

COCOAPODS: 0.39.0
