PODS:
  - LGDrawer (1.0.0)
  - LGPlusButtonsView (1.0.4)

DEPENDENCIES:
  - LGDrawer (~> 1.0.0)
  - LGPlusButtonsView (from `../`)

EXTERNAL SOURCES:
  LGPlusButtonsView:
    :path: ../

SPEC CHECKSUMS:
  LGDrawer: 14fa657d7e21842797a6187c44d5a913841d34a8
  LGPlusButtonsView: ee15290f2e122cf43984184e3178933f3ee9e37c

COCOAPODS: 0.39.0
